
Microsoft Visual Studio Solution File, Format Version 10.00
# Visual Studio 2008
Project("{FAE04EC0-301F-11D3-BF4B-00C04F79EFBC}") = "Mousecam", "MouseCam\Mousecam.csproj", "{BBE8E951-8691-46A9-B023-CB4D3A7DDABC}"
EndProject
Global
	GlobalSection(SolutionConfigurationPlatforms) = preSolution
		Debug|Any CPU = Debug|Any CPU
		Release|Any CPU = Release|Any CPU
	EndGlobalSection
	GlobalSection(ProjectConfigurationPlatforms) = postSolution
		{BBE8E951-8691-46A9-B023-CB4D3A7DDABC}.Debug|Any CPU.ActiveCfg = Debug|Any CPU
		{BBE8E951-8691-46A9-B023-CB4D3A7DDABC}.Debug|Any CPU.Build.0 = Debug|Any CPU
		{BBE8E951-8691-46A9-B023-CB4D3A7DDABC}.Release|Any CPU.ActiveCfg = Release|Any CPU
		{BBE8E951-8691-46A9-B023-CB4D3A7DDABC}.Release|Any CPU.Build.0 = Release|Any CPU
	EndGlobalSection
	GlobalSection(SolutionProperties) = preSolution
		HideSolutionNode = FALSE
	EndGlobalSection
EndGlobal
